
Microsoft Visual Studio Solution File, Format Version 12.00
# Visual Studio Version 16
VisualStudioVersion = 16.0.29215.179
MinimumVisualStudioVersion = 10.0.40219.1
Project("{FAE04EC0-301F-11D3-BF4B-00C04F79EFBC}") = "WebApplication1", "WebApplication1\WebApplication1.csproj", "{7114C7F6-CE8F-4DA7-AC7B-BD4C0C003236}"
EndProject
Global
	GlobalSection(SolutionConfigurationPlatforms) = preSolution
		Debug|Any CPU = Debug|Any CPU
		Release|Any CPU = Release|Any CPU
	EndGlobalSection
	GlobalSection(ProjectConfigurationPlatforms) = postSolution
		{7114C7F6-CE8F-4DA7-AC7B-BD4C0C003236}.Debug|Any CPU.ActiveCfg = Debug|Any CPU
		{7114C7F6-CE8F-4DA7-AC7B-BD4C0C003236}.Debug|Any CPU.Build.0 = Debug|Any CPU
		{7114C7F6-CE8F-4DA7-AC7B-BD4C0C003236}.Release|Any CPU.ActiveCfg = Release|Any CPU
		{7114C7F6-CE8F-4DA7-AC7B-BD4C0C003236}.Release|Any CPU.Build.0 = Release|Any CPU
	EndGlobalSection
	GlobalSection(SolutionProperties) = preSolution
		HideSolutionNode = FALSE
	EndGlobalSection
	GlobalSection(ExtensibilityGlobals) = postSolution
		SolutionGuid = {C84007DC-3437-47C0-9D04-DE1CE07DAA9A}
	EndGlobalSection
EndGlobal
